
Microsoft Visual Studio Solution File, Format Version 12.00
# Visual Studio Version 17
VisualStudioVersion = 17.4.33213.308
MinimumVisualStudioVersion = 10.0.40219.1
Project("{FAE04EC0-301F-11D3-BF4B-00C04F79EFBC}") = "EmployeesApp", "EmployeesApp\EmployeesApp.csproj", "{815E5511-BF0F-43A6-ACCD-1F7B0791367D}"
EndProject
Global
	GlobalSection(SolutionConfigurationPlatforms) = preSolution
		Debug|Any CPU = Debug|Any CPU
		Release|Any CPU = Release|Any CPU
	EndGlobalSection
	GlobalSection(ProjectConfigurationPlatforms) = postSolution
		{815E5511-BF0F-43A6-ACCD-1F7B0791367D}.Debug|Any CPU.ActiveCfg = Debug|Any CPU
		{815E5511-BF0F-43A6-ACCD-1F7B0791367D}.Debug|Any CPU.Build.0 = Debug|Any CPU
		{815E5511-BF0F-43A6-ACCD-1F7B0791367D}.Release|Any CPU.ActiveCfg = Release|Any CPU
		{815E5511-BF0F-43A6-ACCD-1F7B0791367D}.Release|Any CPU.Build.0 = Release|Any CPU
	EndGlobalSection
	GlobalSection(SolutionProperties) = preSolution
		HideSolutionNode = FALSE
	EndGlobalSection
	GlobalSection(ExtensibilityGlobals) = postSolution
		SolutionGuid = {5A46F71E-733E-4515-B852-53D85C24EBE8}
	EndGlobalSection
EndGlobal
